
Microsoft Visual Studio Solution File, Format Version 12.00
# Visual Studio 15
VisualStudioVersion = 15.0.28307.136
MinimumVisualStudioVersion = 10.0.40219.1
Project("{8BC9CEB8-8B4A-11D0-8D11-00A0C91BC942}") = "NuclearThrone", "NuclearThrone\NuclearThrone.vcxproj", "{A3F10FD1-C519-4A77-BB9A-9F2E392A0F66}"
EndProject
Global
	GlobalSection(SolutionConfigurationPlatforms) = preSolution
		Debug|x64 = Debug|x64
		Debug|x86 = Debug|x86
		Release|x64 = Release|x64
		Release|x86 = Release|x86
	EndGlobalSection
	GlobalSection(ProjectConfigurationPlatforms) = postSolution
		{A3F10FD1-C519-4A77-BB9A-9F2E392A0F66}.Debug|x64.ActiveCfg = Debug|x64
		{A3F10FD1-C519-4A77-BB9A-9F2E392A0F66}.Debug|x64.Build.0 = Debug|x64
		{A3F10FD1-C519-4A77-BB9A-9F2E392A0F66}.Debug|x86.ActiveCfg = Debug|Win32
		{A3F10FD1-C519-4A77-BB9A-9F2E392A0F66}.Debug|x86.Build.0 = Debug|Win32
		{A3F10FD1-C519-4A77-BB9A-9F2E392A0F66}.Release|x64.ActiveCfg = Release|x64
		{A3F10FD1-C519-4A77-BB9A-9F2E392A0F66}.Release|x64.Build.0 = Release|x64
		{A3F10FD1-C519-4A77-BB9A-9F2E392A0F66}.Release|x86.ActiveCfg = Release|Win32
		{A3F10FD1-C519-4A77-BB9A-9F2E392A0F66}.Release|x86.Build.0 = Release|Win32
	EndGlobalSection
	GlobalSection(SolutionProperties) = preSolution
		HideSolutionNode = FALSE
	EndGlobalSection
	GlobalSection(ExtensibilityGlobals) = postSolution
		SolutionGuid = {E46933DE-FD04-4724-8EE2-6FF8C5CEACB9}
	EndGlobalSection
EndGlobal
